GIT
  remote: https://github.com/eric/metriks-librato_metrics.git
  revision: 3acb88b36c014a8b93bdd91a867c1b3db781ad4e
  specs:
    metriks-librato_metrics (1.0.6)
      metriks (>= 0.9.9.6)

GIT
  remote: https://github.com/sinatra/sinatra.git
  revision: 518c22e9dd45c1c2fa4e11017e02766a8fc443f6
  tag: v4.2.1
  specs:
    rack-protection (4.2.1)
      base64 (>= 0.1.0)
      logger (>= 1.6.0)
      rack (>= 3.0.0, < 4)
    sinatra (4.2.1)
      logger (>= 1.6.0)
      mustermann (~> 3.0)
      rack (>= 3.0.0, < 4)
      rack-protection (= 4.2.1)
      rack-session (>= 2.0.0, < 3)
      tilt (~> 2.0)
    sinatra-contrib (4.2.1)
      multi_json (>= 0.0.2)
      mustermann (~> 3.0)
      rack-protection (= 4.2.1)
      sinatra (= 4.2.1)
      tilt (~> 2.0)

GIT
  remote: https://github.com/travis-ci/jemalloc-rb.git
  revision: e9528e26aff663efa2c124cdeca47700e389097d
  specs:
    jemalloc (1.0.2)

GIT
  remote: https://github.com/travis-ci/travis-config.git
  revision: 601e9a6dcb799dc14944c40153c60aaf935629ee
  specs:
    travis-config (2.0.0)
      hashr (~> 2.0)

GIT
  remote: https://github.com/travis-ci/travis-github_apps
  revision: 929dadf0b4f60ca4240d52a11fc032917ff3f83a
  branch: ga-ext_access
  specs:
    travis-github_apps (0.2.1)
      activesupport (>= 3.2)
      faraday
      faraday_middleware
      jwt
      redis

GIT
  remote: https://github.com/travis-ci/travis-rollout.git
  revision: c79c6d0c76da98ed50b9a3edb30399d7aba8a7e2
  specs:
    travis-rollout (0.0.1)

GIT
  remote: https://github.com/travis-ci/travis-support.git
  revision: 77f8dad236002e6103cfdb796308e1a11d8d441e
  specs:
    travis-support (0.0.1)

GEM
  remote: https://rubygems.org/
  specs:
    activesupport (7.2.3.1)
      base64
      benchmark (>= 0.3)
      bigdecimal
      concurrent-ruby (~> 1.0, >= 1.3.1)
      connection_pool (>= 2.2.5)
      drb
      i18n (>= 1.6, < 2)
      logger (>= 1.4.2)
      minitest (>= 5.1, < 6)
      securerandom (>= 0.3)
      tzinfo (~> 2.0, >= 2.0.5)
    addressable (2.9.0)
      public_suffix (>= 2.0.2, < 8.0)
    ast (2.4.3)
    atomic (1.1.101)
    avl_tree (1.1.3)
    backports (3.18.1)
    base64 (0.3.0)
    benchmark (0.5.0)
    bigdecimal (4.1.2)
    codeclimate-test-reporter (1.0.8)
      simplecov (<= 0.13)
    coder (0.4.0)
    coderay (1.1.3)
    concurrent-ruby (1.3.7)
    connection_pool (3.0.2)
    crack (0.4.5)
      rexml
    diff-lcs (1.3)
    docile (1.1.5)
    domain_name (0.6.20240107)
    drb (2.2.3)
    ed25519 (1.3.0)
    ethon (0.18.0)
      ffi (>= 1.15.0)
      logger
    faraday (0.17.6)
      multipart-post (>= 1.2, < 3)
    faraday_middleware (0.14.0)
      faraday (>= 0.7.4, < 1.0)
    ffi (1.17.4)
    ffi (1.17.4-aarch64-linux-gnu)
    ffi (1.17.4-aarch64-linux-musl)
    ffi (1.17.4-arm-linux-gnu)
    ffi (1.17.4-arm-linux-musl)
    ffi (1.17.4-arm64-darwin)
    ffi (1.17.4-x86-linux-gnu)
    ffi (1.17.4-x86-linux-musl)
    ffi (1.17.4-x86_64-darwin)
    ffi (1.17.4-x86_64-linux-gnu)
    ffi (1.17.4-x86_64-linux-musl)
    gh (0.14.0)
      addressable
      backports
      faraday (~> 0.8)
      multi_json (~> 1.0)
      net-http-persistent (>= 2.7)
      net-http-pipeline
    hashdiff (1.0.1)
    hashr (2.0.1)
    highline (1.7.10)
    hitimes (1.3.0)
    http-accept (1.7.0)
    http-cookie (1.0.8)
      domain_name (~> 0.5)
    i18n (1.15.2)
      concurrent-ruby (~> 1.0)
    json (2.3.1)
    jwt (2.10.3)
      base64
    language_server-protocol (3.17.0.5)
    launchy (2.4.3)
      addressable (~> 2.3)
    lint_roller (1.1.0)
    listen (3.8.0)
      rb-fsevent (~> 0.10, >= 0.10.3)
      rb-inotify (~> 0.9, >= 0.9.10)
    logger (1.7.0)
    method_source (1.0.0)
    metriks (0.9.9.6)
      atomic (~> 1.0)
      avl_tree (~> 1.1.2)
      hitimes (~> 1.1)
    mime-types (3.4.1)
      mime-types-data (~> 3.2015)
    mime-types-data (3.2022.0105)
    minitar (0.9)
    minitest (5.27.0)
    mocha (2.0.0)
    msgpack (1.8.2)
    multi_json (1.21.1)
    multipart-post (2.4.1)
    mustermann (3.0.4)
      ruby2_keywords (~> 0.0.1)
    net-http-persistent (4.0.8)
      connection_pool (>= 2.2.4, < 4)
    net-http-pipeline (1.0.1)
    netrc (0.11.0)
    nio4r (2.7.5)
    octokit (4.22.0)
      faraday (>= 0.9)
      sawyer (~> 0.8.0, >= 0.5.3)
    optimist (3.2.1)
    parallel (1.12.1)
    parallel_tests (4.2.1)
      parallel
    parser (3.3.10.0)
      ast (~> 2.4.1)
      racc
    prism (1.6.0)
    pry (0.14.2)
      coderay (~> 1.1)
      method_source (~> 1.0)
    public_suffix (4.0.7)
    puma (7.2.1)
      nio4r (~> 2.0)
    pusher-client (0.6.2)
      json
      websocket (~> 1.0)
    racc (1.8.1)
    rack (3.2.6)
    rack-session (2.1.2)
      base64 (>= 0.1.0)
      rack (>= 3.0.0)
    rack-ssl (1.4.1)
      rack
    rack-test (2.1.0)
      rack (>= 1.3)
    rainbow (3.1.1)
    rake (13.4.2)
    rb-fsevent (0.10.3)
    rb-inotify (0.9.10)
      ffi (>= 0.5.0, < 2)
    rbtrace (0.5.3)
      ffi (>= 1.0.6)
      msgpack (>= 0.4.3)
      optimist (>= 3.0.0)
    redis (4.8.1)
    regexp_parser (2.11.3)
    rerun (0.14.0)
      listen (~> 3.0)
    rest-client (2.1.0)
      http-accept (>= 1.7.0, < 2.0)
      http-cookie (>= 1.0.2, < 2.0)
      mime-types (>= 1.16, < 4.0)
      netrc (~> 0.8)
    rexml (3.4.4)
    rspec (3.8.0)
      rspec-core (~> 3.8.0)
      rspec-expectations (~> 3.8.0)
      rspec-mocks (~> 3.8.0)
    rspec-core (3.8.0)
      rspec-support (~> 3.8.0)
    rspec-expectations (3.8.1)
      diff-lcs (>= 1.2.0, < 2.0)
      rspec-support (~> 3.8.0)
    rspec-mocks (3.8.0)
      diff-lcs (>= 1.2.0, < 2.0)
      rspec-support (~> 3.8.0)
    rspec-support (3.8.0)
    rubocop (1.81.7)
      json (~> 2.3)
      language_server-protocol (~> 3.17.0.2)
      lint_roller (~> 1.1.0)
      parallel (~> 1.10)
      parser (>= 3.3.0.2)
      rainbow (>= 2.2.2, < 4.0)
      regexp_parser (>= 2.9.3, < 3.0)
      rubocop-ast (>= 1.47.1, < 2.0)
      ruby-progressbar (~> 1.7)
      unicode-display_width (>= 2.4.0, < 4.0)
    rubocop-ast (1.48.0)
      parser (>= 3.3.7.2)
      prism (~> 1.4)
    ruby-progressbar (1.13.0)
    ruby2_keywords (0.0.5)
    sawyer (0.8.2)
      addressable (>= 2.3.5)
      faraday (> 0.8, < 2.0)
    securerandom (0.4.1)
    sentry-raven (2.13.0)
      faraday (>= 0.7.6, < 1.0)
    simplecov (0.13.0)
      docile (~> 1.1.0)
      json (>= 1.8, < 3)
      simplecov-html (~> 0.10.0)
    simplecov-html (0.10.2)
    ssh_data (1.3.0)
    tilt (2.6.1)
    travis (1.8.13)
      backports
      faraday (~> 0.9)
      faraday_middleware (~> 0.9, >= 0.9.1)
      gh (~> 0.13)
      highline (~> 1.6)
      launchy (~> 2.1)
      pusher-client (~> 0.4)
      typhoeus (~> 0.6, >= 0.6.8)
    typhoeus (0.8.0)
      ethon (>= 0.8.0)
    tzinfo (2.0.6)
      concurrent-ruby (~> 1.0)
    unicode-display_width (3.2.0)
      unicode-emoji (~> 4.1)
    unicode-emoji (4.1.0)
    webmock (3.13.0)
      addressable (>= 2.3.6)
      crack (>= 0.3.2)
      hashdiff (>= 0.4.0, < 2.0.0)
    websocket (1.2.8)

PLATFORMS
  aarch64-linux-gnu
  aarch64-linux-musl
  arm-linux-gnu
  arm-linux-musl
  arm64-darwin
  ruby
  ruby
  x86-linux-gnu
  x86-linux-musl
  x86_64-darwin
  x86_64-linux-gnu
  x86_64-linux-musl

DEPENDENCIES
  activesupport (~> 7)
  addressable (~> 2.3)
  codeclimate-test-reporter
  coder
  connection_pool
  ed25519
  faraday
  faraday_middleware
  jemalloc!
  jwt (~> 2.10)
  metriks (= 0.9.9.6)
  metriks-librato_metrics!
  minitar
  mocha
  octokit (~> 4.18)
  parallel_tests
  pry (>= 0.14.2)
  puma (>= 6.4.3)
  rack-ssl (~> 1.4)
  rack-test (>= 2.1.0)
  rake
  rbtrace (>= 0.5.0)
  redis (~> 4)
  rerun
  rest-client
  rexml (>= 3.3.9)
  rspec (~> 3.0)
  rubocop (~> 1.57)
  sentry-raven
  simplecov
  sinatra-contrib!
  ssh_data
  travis
  travis-config!
  travis-github_apps!
  travis-rollout!
  travis-support!
  webmock

CHECKSUMS
  activesupport (7.2.3.1) sha256=11ebed516a43a0bb47346227a35ebae4d9427465a7c9eb197a03d5c8d283cb34
  addressable (2.9.0) sha256=7fdf6ac3660f7f4e867a0838be3f6cf722ace541dd97767fa42bc6cfa980c7af
  ast (2.4.3) sha256=954615157c1d6a382bc27d690d973195e79db7f55e9765ac7c481c60bdb4d383
  atomic (1.1.101) sha256=aab2010c2a958e841f0f698ce4ea081f1fafbe931809527275499bff1119998e
  avl_tree (1.1.3) sha256=b47d2a860410afddf204f161027cda164b61bf1cd758ddc0b1ef0856677b73d8
  backports (3.18.1) sha256=4c7f64f6193815ca0662399b563e369667f788cb0b8e324d7dd2ff83a1e64f61
  base64 (0.3.0) sha256=27337aeabad6ffae05c265c450490628ef3ebd4b67be58257393227588f5a97b
  benchmark (0.5.0) sha256=465df122341aedcb81a2a24b4d3bd19b6c67c1530713fd533f3ff034e419236c
  bigdecimal (4.1.2) sha256=53d217666027eab4280346fba98e7d5b66baaae1b9c3c1c0ffe89d48188a3fbd
  bundler (4.0.18) sha256=02d9a17429de1847b4e0c9f27a9ee4b20c0a74c0a641b4e77195d6019e3618ac
  codeclimate-test-reporter (1.0.8) sha256=57a50a54ed88172a358ae607adbfeeca8b7f7505708c58447e970af1269f6486
  coder (0.4.0) sha256=7f69d5e64ae050b97148825e8e8127f7a2c8f0b029b199bf97797fdf093f8afc
  coderay (1.1.3) sha256=dc530018a4684512f8f38143cd2a096c9f02a1fc2459edcfe534787a7fc77d4b
  concurrent-ruby (1.3.7) sha256=4412caec3a5ea2e5fdc52076724c071a81f2c0593d83b2ac8cbb8ca63b3151b0
  connection_pool (3.0.2) sha256=33fff5ba71a12d2aa26cb72b1db8bba2a1a01823559fb01d29eb74c286e62e0a
  crack (0.4.5) sha256=798416fb29b8c9f655d139d5559169b39c4a0a3b8f8f39b7f670eec1af9b21b3
  diff-lcs (1.3) sha256=ea7bf591567e391ef262a7c29edaf87c6205204afb5bb39dfa8f08f2e51282a3
  docile (1.1.5) sha256=5d3ee40b3a6567fe460601f3f4a3e199a98de37434ebfa242d751d0c79181255
  domain_name (0.6.20240107) sha256=5f693b2215708476517479bf2b3802e49068ad82167bcd2286f899536a17d933
  drb (2.2.3) sha256=0b00d6fdb50995fe4a45dea13663493c841112e4068656854646f418fda13373
  ed25519 (1.3.0) sha256=514a5584f84d39daac568a17ec93a4e7261e140c52c562ed8c382c18456e627d
  ethon (0.18.0) sha256=b598afc9f30448cb068b850714b7d6948e941476095d04f90a4ac65b8d6efcb2
  faraday (0.17.6) sha256=a572118695fce2937e3a8bed33498ac0c25a263cdb570ea5cd2e41b36c821c34
  faraday_middleware (0.14.0) sha256=4cb37ddd656b2c4de0bd684b72b08c34486f70560c31cb303cd506faef7ef2f4
  ffi (1.17.4) sha256=bcd1642e06f0d16fc9e09ac6d49c3a7298b9789bcb58127302f934e437d60acf
  ffi (1.17.4-aarch64-linux-gnu) sha256=b208f06f91ffd8f5e1193da3cae3d2ccfc27fc36fba577baf698d26d91c080df
  ffi (1.17.4-aarch64-linux-musl) sha256=9286b7a615f2676245283aef0a0a3b475ae3aae2bb5448baace630bb77b91f39
  ffi (1.17.4-arm-linux-gnu) sha256=d6dbddf7cb77bf955411af5f187a65b8cd378cb003c15c05697f5feee1cb1564
  ffi (1.17.4-arm-linux-musl) sha256=9d4838ded0465bef6e2426935f6bcc93134b6616785a84ffd2a3d82bc3cf6f95
  ffi (1.17.4-arm64-darwin) sha256=19071aaf1419251b0a46852abf960e77330a3b334d13a4ab51d58b31a937001b
  ffi (1.17.4-x86-linux-gnu) sha256=38e150df5f4ca555e25beca4090823ae09657bceded154e3c52f8631c1ed72cf
  ffi (1.17.4-x86-linux-musl) sha256=fbeec0fc7c795bcf86f623bb18d31ea1820f7bd580e1703a3d3740d527437809
  ffi (1.17.4-x86_64-darwin) sha256=aa70390523cf3235096cf64962b709b4cfbd5c082a2cb2ae714eb0fe2ccda496
  ffi (1.17.4-x86_64-linux-gnu) sha256=9d3db14c2eae074b382fa9c083fe95aec6e0a1451da249eab096c34002bc752d
  ffi (1.17.4-x86_64-linux-musl) sha256=3fdf9888483de005f8ef8d1cf2d3b20d86626af206cbf780f6a6a12439a9c49e
  gh (0.14.0) sha256=a243023cbd972df27799b3949a59efeae284d4189155681fb6bbcfdfab34f548
  hashdiff (1.0.1) sha256=2cd4d04f5080314ecc8403c4e2e00dbaa282dff395e2d031bc16c8d501bdd6db
  hashr (2.0.1) sha256=f9af12b11c8f636ba7b8310e5a59d5e73701ccd3999fe71e0009b6e63ad29bfb
  highline (1.7.10) sha256=1e147d5d20f1ad5b0e23357070d1e6d0904ae9f71c3c49e0234cf682ae3c2b06
  hitimes (1.3.0) sha256=69094afa44c3085d196ea390d64254260fd367876b237b01bb34b95e64d13afc
  http-accept (1.7.0) sha256=c626860682bfbb3b46462f8c39cd470fd7b0584f61b3cc9df5b2e9eb9972a126
  http-cookie (1.0.8) sha256=b14fe0445cf24bf9ae098633e9b8d42e4c07c3c1f700672b09fbfe32ffd41aa6
  i18n (1.15.2) sha256=00f9eb62412fe593b2a65a97daa75300d37abb8f7202ec748e94b6d46a9dd1b5
  jemalloc (1.0.2)
  json (2.3.1) sha256=3f9ebb42fcd46ec3ecad16c89c7b174dc539bdd353610c39c15aecca1d570e95
  jwt (2.10.3) sha256=e4d9352fbc7309b1a7448c7dd713dfe4d8c47077af80759cdbed8f878ea0b484
  language_server-protocol (3.17.0.5) sha256=fd1e39a51a28bf3eec959379985a72e296e9f9acfce46f6a79d31ca8760803cc
  launchy (2.4.3) sha256=42f52ce12c6fe079bac8a804c66522a0eefe176b845a62df829defe0e37214a4
  lint_roller (1.1.0) sha256=2c0c845b632a7d172cb849cc90c1bce937a28c5c8ccccb50dfd46a485003cc87
  listen (3.8.0) sha256=9679040ac6e7845ad9f19cf59ecde60861c78e2fae57a5c20fe35e94959b2f8f
  logger (1.7.0) sha256=196edec7cc44b66cfb40f9755ce11b392f21f7967696af15d274dde7edff0203
  method_source (1.0.0) sha256=d779455a2b5666a079ce58577bfad8534f571af7cec8107f4dce328f0981dede
  metriks (0.9.9.6) sha256=d37ec545dc704a63638f5d02d9cc02600d51bf55c6664a93014168eeac688fc8
  metriks-librato_metrics (1.0.6)
  mime-types (3.4.1) sha256=6bcf8b0e656b6ae9977bdc1351ef211d0383252d2f759a59ef4bcf254542fc46
  mime-types-data (3.2022.0105) sha256=d8c401ba9ea8b648b7145b90081789ec714e91fd625d82c5040079c5ea696f00
  minitar (0.9) sha256=23c0bebead35dbfe9e24088dc436c8a233d03f51d365a686b9a11dd30dc2d588
  minitest (5.27.0) sha256=2d3b17f8a36fe7801c1adcffdbc38233b938eb0b4966e97a6739055a45fa77d5
  mocha (2.0.0) sha256=8220b911d26a50c15b2175b0988925bde24fee4e36885a09f6ef8f22f7b44adb
  msgpack (1.8.2) sha256=e440d11c99d6dfe8b2fbc4feb74c3518c1ba024357c70bbd734d9bb1a44d0d25
  multi_json (1.21.1) sha256=e6126a31808e3b4d19f483c775ceac34df190dffa62adfb63a165ee14ba68080
  multipart-post (2.4.1) sha256=9872d03a8e552020ca096adadbf5e3cb1cd1cdd6acd3c161136b8a5737cdb4a8
  mustermann (3.0.4) sha256=85fadcb6b3c6493a8b511b42426f904b7f27b282835502233dd154daab13aa22
  net-http-persistent (4.0.8) sha256=ef3de8319d691537b329053fae3a33195f8b070bbbfae8bf1a58c796081960e6
  net-http-pipeline (1.0.1) sha256=6923ce2f28bfde589a9f385e999395eead48ccfe4376d4a85d9a77e8c7f0b22f
  netrc (0.11.0) sha256=de1ce33da8c99ab1d97871726cba75151113f117146becbe45aa85cb3dabee3f
  nio4r (2.7.5) sha256=6c90168e48fb5f8e768419c93abb94ba2b892a1d0602cb06eef16d8b7df1dca1
  octokit (4.22.0) sha256=d2c5f848c76a6f78460440a633e2c16afa9458e5fcbd2a76cedb464fe769adda
  optimist (3.2.1) sha256=8cf8a0fd69f3aa24ab48885d3a666717c27bc3d9edd6e976e18b9d771e72e34e
  parallel (1.12.1) sha256=c7587c43687dcd4740b6ffcedb305b19cc1551a3e88da173b3857a8bc3461206
  parallel_tests (4.2.1) sha256=1baaba1dc0f69a5f94da2d880e70d544dcfb84e54a5adb02e1dc413f8114c013
  parser (3.3.10.0) sha256=ce3587fa5cc55a88c4ba5b2b37621b3329aadf5728f9eafa36bbd121462aabd6
  prism (1.6.0) sha256=bfc0281a81718c4872346bc858dc84abd3a60cae78336c65ad35c8fbff641c6b
  pry (0.14.2) sha256=c4fe54efedaca1d351280b45b8849af363184696fcac1c72e0415f9bdac4334d
  public_suffix (4.0.7) sha256=8be161e2421f8d45b0098c042c06486789731ea93dc3a896d30554ee38b573b8
  puma (7.2.1) sha256=d7bf0e9cabd532e0d401e142cd94e3ac531e993610e2d80e6fbf9c26961414b0
  pusher-client (0.6.2) sha256=c405c931090e126c056d99f6b69a01b1bcb6cbfdde02389c93e7d547c6efd5a3
  racc (1.8.1) sha256=4a7f6929691dbec8b5209a0b373bc2614882b55fc5d2e447a21aaa691303d62f
  rack (3.2.6) sha256=5ed78e1f73b2e25679bec7d45ee2d4483cc4146eb1be0264fc4d94cb5ef212c2
  rack-protection (4.2.1)
  rack-session (2.1.2) sha256=595434f8c0c3473ae7d7ac56ecda6cc6dfd9d37c0b2b5255330aa1576967ffe8
  rack-ssl (1.4.1) sha256=f7f9d359c13d563fd0fe3e4eced0b357d8ba0502c837839f7520502f27ee4130
  rack-test (2.1.0) sha256=0c61fc61904049d691922ea4bb99e28004ed3f43aa5cfd495024cc345f125dfb
  rainbow (3.1.1) sha256=039491aa3a89f42efa1d6dec2fc4e62ede96eb6acd95e52f1ad581182b79bc6a
  rake (13.4.2) sha256=cb825b2bd5f1f8e91ca37bddb4b9aaf345551b4731da62949be002fa89283701
  rb-fsevent (0.10.3) sha256=a8f78186feb55bb98579b5e0f8dd925ececfde1b5c2496e5e932997ff999a1d2
  rb-inotify (0.9.10) sha256=e140f7ad14cd91e001c7e0bfa32458dd29995e70932765fcf477de630b7fda79
  rbtrace (0.5.3) sha256=c432292f305d9ab12fd47d9722e0d5210d983758a951fe6107c36cc955cb923f
  redis (4.8.1) sha256=387ee086694fffc9632aaeb1efe4a7b1627ca783bf373320346a8a20cd93333a
  regexp_parser (2.11.3) sha256=ca13f381a173b7a93450e53459075c9b76a10433caadcb2f1180f2c741fc55a4
  rerun (0.14.0) sha256=996a5af2b2b34dcb30146c6c728addab9113e07c119003370daa9bf27feb88fd
  rest-client (2.1.0) sha256=35a6400bdb14fae28596618e312776c158f7ebbb0ccad752ff4fa142bf2747e3
  rexml (3.4.4) sha256=19e0a2c3425dfbf2d4fc1189747bdb2f849b6c5e74180401b15734bc97b5d142
  rspec (3.8.0) sha256=83f519611bb674d456e87397fea7c5b15b1af8bdc77ce929673ae3b4b656f796
  rspec-core (3.8.0) sha256=97d0b30c5687075417ac6f837c44a95e4a825007d0017fccec7a5cbcec2a3adc
  rspec-expectations (3.8.1) sha256=94be3cac535dcc6500bcc56ceb833e2d766449b7a765c4b22c02375825c3d86d
  rspec-mocks (3.8.0) sha256=d73b926d641676025ba086b4854f70b8a70d6cb763d50e9d278b792c1902c51b
  rspec-support (3.8.0) sha256=0918cc4165bb7626e518cef41046ddab90d0435868b0fb85dc90e61e733b755c
  rubocop (1.81.7) sha256=6fb5cc298c731691e2a414fe0041a13eb1beed7bab23aec131da1bcc527af094
  rubocop-ast (1.48.0) sha256=22df9bbf3f7a6eccde0fad54e68547ae1e2a704bf8719e7c83813a99c05d2e76
  ruby-progressbar (1.13.0) sha256=80fc9c47a9b640d6834e0dc7b3c94c9df37f08cb072b7761e4a71e22cff29b33
  ruby2_keywords (0.0.5) sha256=ffd13740c573b7301cf7a2e61fc857b2a8e3d3aff32545d6f8300d8bae10e3ef
  sawyer (0.8.2) sha256=9f0d3988956cb22667f393a764f17b3b3649eb187b5e25f34005ea3b34642d7b
  securerandom (0.4.1) sha256=cc5193d414a4341b6e225f0cb4446aceca8e50d5e1888743fac16987638ea0b1
  sentry-raven (2.13.0) sha256=c7021a2727bbfb358eec180206ce0d40f926e47bbb2bb74e2733bf5f9b2849f2
  simplecov (0.13.0) sha256=c78227427eb6b40499d657f2996ec6841f5135468693e55e3d2c976c706f86e4
  simplecov-html (0.10.2) sha256=f65306e2695913c007ddc8d31d6318f37ae074f2ee1cea1647b3bf4c94ca30d2
  sinatra (4.2.1)
  sinatra-contrib (4.2.1)
  ssh_data (1.3.0) sha256=ec7c1e95a3aebeee412147998f4c147b4b05da6ed0aafda6083f9449318eaac0
  tilt (2.6.1) sha256=35a99bba2adf7c1e362f5b48f9b581cce4edfba98117e34696dde6d308d84770
  travis (1.8.13) sha256=3d9167043e666af860da52cde71f16b6ce6185bb4bb93ba9440bc5a4601822b4
  travis-config (2.0.0)
  travis-github_apps (0.2.1)
  travis-rollout (0.0.1)
  travis-support (0.0.1)
  typhoeus (0.8.0) sha256=28b7cf3c7d915a06d412bddab445df94ab725252009aa409f5ea41ab6577a30f
  tzinfo (2.0.6) sha256=8daf828cc77bcf7d63b0e3bdb6caa47e2272dcfaf4fbfe46f8c3a9df087a829b
  unicode-display_width (3.2.0) sha256=0cdd96b5681a5949cdbc2c55e7b420facae74c4aaf9a9815eee1087cb1853c42
  unicode-emoji (4.1.0) sha256=4997d2d5df1ed4252f4830a9b6e86f932e2013fbff2182a9ce9ccabda4f325a5
  webmock (3.13.0) sha256=49eb3647194733e0208398bfaded95d4cf3d90a33538a51ded87284f5a54a57d
  websocket (1.2.8) sha256=1d8155c1cdaab8e8e72587a60e08423c9dd84ee44e4e827358ce3d4c2ccb2138

RUBY VERSION
  ruby 3.2.6

BUNDLED WITH
  4.0.18
